# THIS IS AN AUTOGENERATED FILE. DO NOT EDIT THIS FILE DIRECTLY.
# yarn lockfile v1


"@remix-run/router@1.15.3":
  version "1.15.3"
  resolved "https://registry.yarnpkg.com/@remix-run/router/-/router-1.15.3.tgz#d2509048d69dbb72d5389a14945339f1430b2d3c"
  integrity sha512-Oy8rmScVrVxWZVOpEF57ovlnhpZ8CCPlnIIumVcV9nFdiSIrus99+Lw78ekXyGvVDlIsFJbSfmSovJUhCWYV3w==

react-router-dom@^6.22.3:
  version "6.22.3"
  resolved "https://registry.yarnpkg.com/react-router-dom/-/react-router-dom-6.22.3.tgz#9781415667fd1361a475146c5826d9f16752a691"
  integrity sha512-7ZILI7HjcE+p31oQvwbokjk6OA/bnFxrhJ19n82Ex9Ph8fNAq+Hm/7KchpMGlTgWhUxRHMMCut+vEtNpWpowKw==
  dependencies:
    "@remix-run/router" "1.15.3"
    react-router "6.22.3"

react-router@6.22.3:
  version "6.22.3"
  resolved "https://registry.yarnpkg.com/react-router/-/react-router-6.22.3.tgz#9d9142f35e08be08c736a2082db5f0c9540a885e"
  integrity sha512-dr2eb3Mj5zK2YISHK++foM9w4eBnO23eKnZEDs7c880P6oKbrjz/Svg9+nxqtHQK+oMW4OtjZca0RqPglXxguQ==
  dependencies:
    "@remix-run/router" "1.15.3"
